
Microsoft Visual Studio Solution File, Format Version 12.00
# Visual Studio Version 16
VisualStudioVersion = 16.0.29001.49
MinimumVisualStudioVersion = 10.0.40219.1
Project("{888888A0-9F3D-457C-B088-3A5042F75D52}") = "Notenverwaltung_Python", "Notenverwaltung_Python\Notenverwaltung_Python.pyproj", "{F071482B-6233-454E-9759-38E094900FE8}"
EndProject
Global
	GlobalSection(SolutionConfigurationPlatforms) = preSolution
		Debug|Any CPU = Debug|Any CPU
		Release|Any CPU = Release|Any CPU
	EndGlobalSection
	GlobalSection(ProjectConfigurationPlatforms) = postSolution
		{F071482B-6233-454E-9759-38E094900FE8}.Debug|Any CPU.ActiveCfg = Debug|Any CPU
		{F071482B-6233-454E-9759-38E094900FE8}.Release|Any CPU.ActiveCfg = Release|Any CPU
	EndGlobalSection
	GlobalSection(SolutionProperties) = preSolution
		HideSolutionNode = FALSE
	EndGlobalSection
	GlobalSection(ExtensibilityGlobals) = postSolution
		SolutionGuid = {4133E1FA-F66C-4568-A9B6-3F95EA04B5E5}
	EndGlobalSection
EndGlobal
